
Microsoft Visual Studio Solution File, Format Version 12.00
# Visual Studio Version 17
VisualStudioVersion = 17.13.35825.156 d17.13
MinimumVisualStudioVersion = 10.0.40219.1
Project("{FAE04EC0-301F-11D3-BF4B-00C04F79EFBC}") = "TicketBookingSystem", "TicketBookingSystem.csproj", "{283D6FA9-1D49-45F9-903B-DBC9BF8AD100}"
EndProject
Global
	GlobalSection(SolutionConfigurationPlatforms) = preSolution
		Debug|Any CPU = Debug|Any CPU
		Release|Any CPU = Release|Any CPU
	EndGlobalSection
	GlobalSection(ProjectConfigurationPlatforms) = postSolution
		{283D6FA9-1D49-45F9-903B-DBC9BF8AD100}.Debug|Any CPU.ActiveCfg = Debug|Any CPU
		{283D6FA9-1D49-45F9-903B-DBC9BF8AD100}.Debug|Any CPU.Build.0 = Debug|Any CPU
		{283D6FA9-1D49-45F9-903B-DBC9BF8AD100}.Release|Any CPU.ActiveCfg = Release|Any CPU
		{283D6FA9-1D49-45F9-903B-DBC9BF8AD100}.Release|Any CPU.Build.0 = Release|Any CPU
	EndGlobalSection
	GlobalSection(SolutionProperties) = preSolution
		HideSolutionNode = FALSE
	EndGlobalSection
	GlobalSection(ExtensibilityGlobals) = postSolution
		SolutionGuid = {D5667B6F-464E-4699-92BE-18BE96974EAB}
	EndGlobalSection
EndGlobal
